// !$*UTF8*$!
{
	archiveVersion = 1;
	classes = {
	};
	objectVersion = 56;
	objects = {

/* Begin PBXBuildFile section */
		A148616829CD8C8800D723CE /* SnapKit in Frameworks */ = {isa = PBXBuildFile; productRef = A148616729CD8C8800D723CE /* SnapKit */; };
		A148616B29D41D6E00D723CE /* RxCocoa in Frameworks */ = {isa = PBXBuildFile; productRef = A148616A29D41D6E00D723CE /* RxCocoa */; };
		A148616D29D41D6E00D723CE /* RxRelay in Frameworks */ = {isa = PBXBuildFile; productRef = A148616C29D41D6E00D723CE /* RxRelay */; };
		A148616F29D41D6E00D723CE /* RxSwift in Frameworks */ = {isa = PBXBuildFile; productRef = A148616E29D41D6E00D723CE /* RxSwift */; };
		A16CE97829C84B3E00C80D57 /* AppDelegate.swift in Sources */ = {isa = PBXBuildFile; fileRef = A16CE97729C84B3E00C80D57 /* AppDelegate.swift */; };
		A16CE97F29C84B3E00C80D57 /* Main.storyboard in Resources */ = {isa = PBXBuildFile; fileRef = A16CE97D29C84B3E00C80D57 /* Main.storyboard */; };
		A16CE98229C84B3E00C80D57 /* Store_TestApp_MVVM_RxSwift.xcdatamodeld in Sources */ = {isa = PBXBuildFile; fileRef = A16CE98029C84B3E00C80D57 /* Store_TestApp_MVVM_RxSwift.xcdatamodeld */; };
		A16CE98429C84B4000C80D57 /* Assets.xcassets in Resources */ = {isa = PBXBuildFile; fileRef = A16CE98329C84B4000C80D57 /* Assets.xcassets */; };
		A16CE98729C84B4000C80D57 /* LaunchScreen.storyboard in Resources */ = {isa = PBXBuildFile; fileRef = A16CE98529C84B4000C80D57 /* LaunchScreen.storyboard */; };
		A16CE99829C99A1600C80D57 /* StartTabBarController.swift in Sources */ = {isa = PBXBuildFile; fileRef = A16CE99729C99A1600C80D57 /* StartTabBarController.swift */; };
/* End PBXBuildFile section */

/* Begin PBXFileReference section */
		A16CE97429C84B3E00C80D57 /* Store-TestApp_MVVM-RxSwift.app */ = {isa = PBXFileReference; explicitFileType = wrapper.application; includeInIndex = 0; path = "Store-TestApp_MVVM-RxSwift.app"; sourceTree = BUILT_PRODUCTS_DIR; };
		A16CE97729C84B3E00C80D57 /* AppDelegate.swift */ = {isa = PBXFileReference; lastKnownFileType = sourcecode.swift; path = AppDelegate.swift; sourceTree = "<group>"; };
		A16CE97E29C84B3E00C80D57 /* Base */ = {isa = PBXFileReference; lastKnownFileType = file.storyboard; name = Base; path = Base.lproj/Main.storyboard; sourceTree = "<group>"; };
		A16CE98129C84B3E00C80D57 /* Store_TestApp_MVVM_RxSwift.xcdatamodel */ = {isa = PBXFileReference; lastKnownFileType = wrapper.xcdatamodel; path = Store_TestApp_MVVM_RxSwift.xcdatamodel; sourceTree = "<group>"; };
		A16CE98329C84B4000C80D57 /* Assets.xcassets */ = {isa = PBXFileReference; lastKnownFileType = folder.assetcatalog; path = Assets.xcassets; sourceTree = "<group>"; };
		A16CE98629C84B4000C80D57 /* Base */ = {isa = PBXFileReference; lastKnownFileType = file.storyboard; name = Base; path = Base.lproj/LaunchScreen.storyboard; sourceTree = "<group>"; };
		A16CE98829C84B4000C80D57 /* Info.plist */ = {isa = PBXFileReference; lastKnownFileType = text.plist.xml; path = Info.plist; sourceTree = "<group>"; };
		A16CE99729C99A1600C80D57 /* StartTabBarController.swift */ = {isa = PBXFileReference; lastKnownFileType = sourcecode.swift; path = StartTabBarController.swift; sourceTree = "<group>"; };
/* End PBXFileReference section */

/* Begin PBXFrameworksBuildPhase section */
		A16CE97129C84B3E00C80D57 /* Frameworks */ = {
			isa = PBXFrameworksBuildPhase;
			buildActionMask = 2147483647;
			files = (
				A148616D29D41D6E00D723CE /* RxRelay in Frameworks */,
				A148616B29D41D6E00D723CE /* RxCocoa in Frameworks */,
				A148616F29D41D6E00D723CE /* RxSwift in Frameworks */,
				A148616829CD8C8800D723CE /* SnapKit in Frameworks */,
			);
			runOnlyForDeploymentPostprocessing = 0;
		};
/* End PBXFrameworksBuildPhase section */

/* Begin PBXGroup section */
		A16CE96B29C84B3E00C80D57 = {
			isa = PBXGroup;
			children = (
				A16CE97629C84B3E00C80D57 /* Store-TestApp_MVVM-RxSwift */,
				A16CE97529C84B3E00C80D57 /* Products */,
			);
			sourceTree = "<group>";
		};
		A16CE97529C84B3E00C80D57 /* Products */ = {
			isa = PBXGroup;
			children = (
				A16CE97429C84B3E00C80D57 /* Store-TestApp_MVVM-RxSwift.app */,
			);
			name = Products;
			sourceTree = "<group>";
		};
		A16CE97629C84B3E00C80D57 /* Store-TestApp_MVVM-RxSwift */ = {
			isa = PBXGroup;
			children = (
				A16CE99329C994CC00C80D57 /* Screens */,
				A16CE99229C994C500C80D57 /* Models */,
				A16CE99429C994E400C80D57 /* Services */,
				A16CE99129C994AE00C80D57 /* Helpers */,
				A16CE99529C9950700C80D57 /* Storyboard */,
				A16CE99029C994A000C80D57 /* Resources */,
				A16CE98F29C993E100C80D57 /* Application */,
				A16CE98E29C991E800C80D57 /* Supporting Files */,
				A16CE98029C84B3E00C80D57 /* Store_TestApp_MVVM_RxSwift.xcdatamodeld */,
			);
			path = "Store-TestApp_MVVM-RxSwift";
			sourceTree = "<group>";
		};
		A16CE98E29C991E800C80D57 /* Supporting Files */ = {
			isa = PBXGroup;
			children = (
				A16CE98829C84B4000C80D57 /* Info.plist */,
			);
			path = "Supporting Files";
			sourceTree = "<group>";
		};
		A16CE98F29C993E100C80D57 /* Application */ = {
			isa = PBXGroup;
			children = (
				A16CE97729C84B3E00C80D57 /* AppDelegate.swift */,
			);
			path = Application;
			sourceTree = "<group>";
		};
		A16CE99029C994A000C80D57 /* Resources */ = {
			isa = PBXGroup;
			children = (
				A16CE98329C84B4000C80D57 /* Assets.xcassets */,
			);
			path = Resources;
			sourceTree = "<group>";
		};
		A16CE99129C994AE00C80D57 /* Helpers */ = {
			isa = PBXGroup;
			children = (
			);
			path = Helpers;
			sourceTree = "<group>";
		};
		A16CE99229C994C500C80D57 /* Models */ = {
			isa = PBXGroup;
			children = (
			);
			path = Models;
			sourceTree = "<group>";
		};
		A16CE99329C994CC00C80D57 /* Screens */ = {
			isa = PBXGroup;
			children = (
				A16CE99729C99A1600C80D57 /* StartTabBarController.swift */,
			);
			path = Screens;
			sourceTree = "<group>";
		};
		A16CE99429C994E400C80D57 /* Services */ = {
			isa = PBXGroup;
			children = (
			);
			path = Services;
			sourceTree = "<group>";
		};
		A16CE99529C9950700C80D57 /* Storyboard */ = {
			isa = PBXGroup;
			children = (
				A16CE98529C84B4000C80D57 /* LaunchScreen.storyboard */,
				A16CE97D29C84B3E00C80D57 /* Main.storyboard */,
			);
			path = Storyboard;
			sourceTree = "<group>";
		};
/* End PBXGroup section */

/* Begin PBXNativeTarget section */
		A16CE97329C84B3E00C80D57 /* Store-TestApp_MVVM-RxSwift */ = {
			isa = PBXNativeTarget;
			buildConfigurationList = A16CE98B29C84B4000C80D57 /* Build configuration list for PBXNativeTarget "Store-TestApp_MVVM-RxSwift" */;
			buildPhases = (
				A16CE97029C84B3E00C80D57 /* Sources */,
				A16CE97129C84B3E00C80D57 /* Frameworks */,
				A16CE97229C84B3E00C80D57 /* Resources */,
			);
			buildRules = (
			);
			dependencies = (
			);
			name = "Store-TestApp_MVVM-RxSwift";
			packageProductDependencies = (
				A148616729CD8C8800D723CE /* SnapKit */,
				A148616A29D41D6E00D723CE /* RxCocoa */,
				A148616C29D41D6E00D723CE /* RxRelay */,
				A148616E29D41D6E00D723CE /* RxSwift */,
			);
			productName = "Store-TestApp_MVVM-RxSwift";
			productReference = A16CE97429C84B3E00C80D57 /* Store-TestApp_MVVM-RxSwift.app */;
			productType = "com.apple.product-type.application";
		};
/* End PBXNativeTarget section */

/* Begin PBXProject section */
		A16CE96C29C84B3E00C80D57 /* Project object */ = {
			isa = PBXProject;
			attributes = {
				BuildIndependentTargetsInParallel = 1;
				LastSwiftUpdateCheck = 1420;
				LastUpgradeCheck = 1420;
				TargetAttributes = {
					A16CE97329C84B3E00C80D57 = {
						CreatedOnToolsVersion = 14.2;
					};
				};
			};
			buildConfigurationList = A16CE96F29C84B3E00C80D57 /* Build configuration list for PBXProject "Store-TestApp_MVVM-RxSwift" */;
			compatibilityVersion = "Xcode 14.0";
			developmentRegion = en;
			hasScannedForEncodings = 0;
			knownRegions = (
				en,
				Base,
			);
			mainGroup = A16CE96B29C84B3E00C80D57;
			packageReferences = (
				A148616629CD8C8800D723CE /* XCRemoteSwiftPackageReference "SnapKit" */,
				A148616929D41D6E00D723CE /* XCRemoteSwiftPackageReference "RxSwift" */,
			);
			productRefGroup = A16CE97529C84B3E00C80D57 /* Products */;
			projectDirPath = "";
			projectRoot = "";
			targets = (
				A16CE97329C84B3E00C80D57 /* Store-TestApp_MVVM-RxSwift */,
			);
		};
/* End PBXProject section */

/* Begin PBXResourcesBuildPhase section */
		A16CE97229C84B3E00C80D57 /* Resources */ = {
			isa = PBXResourcesBuildPhase;
			buildActionMask = 2147483647;
			files = (
				A16CE98729C84B4000C80D57 /* LaunchScreen.storyboard in Resources */,
				A16CE98429C84B4000C80D57 /* Assets.xcassets in Resources */,
				A16CE97F29C84B3E00C80D57 /* Main.storyboard in Resources */,
			);
			runOnlyForDeploymentPostprocessing = 0;
		};
/* End PBXResourcesBuildPhase section */

/* Begin PBXSourcesBuildPhase section */
		A16CE97029C84B3E00C80D57 /* Sources */ = {
			isa = PBXSourcesBuildPhase;
			buildActionMask = 2147483647;
			files = (
				A16CE97829C84B3E00C80D57 /* AppDelegate.swift in Sources */,
				A16CE98229C84B3E00C80D57 /* Store_TestApp_MVVM_RxSwift.xcdatamodeld in Sources */,
				A16CE99829C99A1600C80D57 /* StartTabBarController.swift in Sources */,
			);
			runOnlyForDeploymentPostprocessing = 0;
		};
/* End PBXSourcesBuildPhase section */

/* Begin PBXVariantGroup section */
		A16CE97D29C84B3E00C80D57 /* Main.storyboard */ = {
			isa = PBXVariantGroup;
			children = (
				A16CE97E29C84B3E00C80D57 /* Base */,
			);
			name = Main.storyboard;
			sourceTree = "<group>";
		};
		A16CE98529C84B4000C80D57 /* LaunchScreen.storyboard */ = {
			isa = PBXVariantGroup;
			children = (
				A16CE98629C84B4000C80D57 /* Base */,
			);
			name = LaunchScreen.storyboard;
			sourceTree = "<group>";
		};
/* End PBXVariantGroup section */

/* Begin XCBuildConfiguration section */
		A16CE98929C84B4000C80D57 /* Debug */ = {
			isa = XCBuildConfiguration;
			buildSettings = {
				ALWAYS_SEARCH_USER_PATHS = NO;
				CLANG_ANALYZER_NONNULL = YES;
				CLANG_ANALYZER_NUMBER_OBJECT_CONVERSION = YES_AGGRESSIVE;
				CLANG_CXX_LANGUAGE_STANDARD = "gnu++20";
				CLANG_ENABLE_MODULES = YES;
				CLANG_ENABLE_OBJC_ARC = YES;
				CLANG_ENABLE_OBJC_WEAK = YES;
				CLANG_WARN_BLOCK_CAPTURE_AUTORELEASING = YES;
				CLANG_WARN_BOOL_CONVERSION = YES;
				CLANG_WARN_COMMA = YES;
				CLANG_WARN_CONSTANT_CONVERSION = YES;
				CLANG_WARN_DEPRECATED_OBJC_IMPLEMENTATIONS = YES;
				CLANG_WARN_DIRECT_OBJC_ISA_USAGE = YES_ERROR;
				CLANG_WARN_DOCUMENTATION_COMMENTS = YES;
				CLANG_WARN_EMPTY_BODY = YES;
				CLANG_WARN_ENUM_CONVERSION = YES;
				CLANG_WARN_INFINITE_RECURSION = YES;
				CLANG_WARN_INT_CONVERSION = YES;
				CLANG_WARN_NON_LITERAL_NULL_CONVERSION = YES;
				CLANG_WARN_OBJC_IMPLICIT_RETAIN_SELF = YES;
				CLANG_WARN_OBJC_LITERAL_CONVERSION = YES;
				CLANG_WARN_OBJC_ROOT_CLASS = YES_ERROR;
				CLANG_WARN_QUOTED_INCLUDE_IN_FRAMEWORK_HEADER = YES;
				CLANG_WARN_RANGE_LOOP_ANALYSIS = YES;
				CLANG_WARN_STRICT_PROTOTYPES = YES;
				CLANG_WARN_SUSPICIOUS_MOVE = YES;
				CLANG_WARN_UNGUARDED_AVAILABILITY = YES_AGGRESSIVE;
				CLANG_WARN_UNREACHABLE_CODE = YES;
				CLANG_WARN__DUPLICATE_METHOD_MATCH = YES;
				COPY_PHASE_STRIP = NO;
				DEBUG_INFORMATION_FORMAT = dwarf;
				ENABLE_STRICT_OBJC_MSGSEND = YES;
				ENABLE_TESTABILITY = YES;
				GCC_C_LANGUAGE_STANDARD = gnu11;
				GCC_DYNAMIC_NO_PIC = NO;
				GCC_NO_COMMON_BLOCKS = YES;
				GCC_OPTIMIZATION_LEVEL = 0;
				GCC_PREPROCESSOR_DEFINITIONS = (
					"DEBUG=1",
					"$(inherited)",
				);
				GCC_WARN_64_TO_32_BIT_CONVERSION = YES;
				GCC_WARN_ABOUT_RETURN_TYPE = YES_ERROR;
				GCC_WARN_UNDECLARED_SELECTOR = YES;
				GCC_WARN_UNINITIALIZED_AUTOS = YES_AGGRESSIVE;
				GCC_WARN_UNUSED_FUNCTION = YES;
				GCC_WARN_UNUSED_VARIABLE = YES;
				IPHONEOS_DEPLOYMENT_TARGET = 16.2;
				MTL_ENABLE_DEBUG_INFO = INCLUDE_SOURCE;
				MTL_FAST_MATH = YES;
				ONLY_ACTIVE_ARCH = YES;
				SDKROOT = iphoneos;
				SWIFT_ACTIVE_COMPILATION_CONDITIONS = DEBUG;
				SWIFT_OPTIMIZATION_LEVEL = "-Onone";
			};
			name = Debug;
		};
		A16CE98A29C84B4000C80D57 /* Release */ = {
			isa = XCBuildConfiguration;
			buildSettings = {
				ALWAYS_SEARCH_USER_PATHS = NO;
				CLANG_ANALYZER_NONNULL = YES;
				CLANG_ANALYZER_NUMBER_OBJECT_CONVERSION = YES_AGGRESSIVE;
				CLANG_CXX_LANGUAGE_STANDARD = "gnu++20";
				CLANG_ENABLE_MODULES = YES;
				CLANG_ENABLE_OBJC_ARC = YES;
				CLANG_ENABLE_OBJC_WEAK = YES;
				CLANG_WARN_BLOCK_CAPTURE_AUTORELEASING = YES;
				CLANG_WARN_BOOL_CONVERSION = YES;
				CLANG_WARN_COMMA = YES;
				CLANG_WARN_CONSTANT_CONVERSION = YES;
				CLANG_WARN_DEPRECATED_OBJC_IMPLEMENTATIONS = YES;
				CLANG_WARN_DIRECT_OBJC_ISA_USAGE = YES_ERROR;
				CLANG_WARN_DOCUMENTATION_COMMENTS = YES;
				CLANG_WARN_EMPTY_BODY = YES;
				CLANG_WARN_ENUM_CONVERSION = YES;
				CLANG_WARN_INFINITE_RECURSION = YES;
				CLANG_WARN_INT_CONVERSION = YES;
				CLANG_WARN_NON_LITERAL_NULL_CONVERSION = YES;
				CLANG_WARN_OBJC_IMPLICIT_RETAIN_SELF = YES;
				CLANG_WARN_OBJC_LITERAL_CONVERSION = YES;
				CLANG_WARN_OBJC_ROOT_CLASS = YES_ERROR;
				CLANG_WARN_QUOTED_INCLUDE_IN_FRAMEWORK_HEADER = YES;
				CLANG_WARN_RANGE_LOOP_ANALYSIS = YES;
				CLANG_WARN_STRICT_PROTOTYPES = YES;
				CLANG_WARN_SUSPICIOUS_MOVE = YES;
				CLANG_WARN_UNGUARDED_AVAILABILITY = YES_AGGRESSIVE;
				CLANG_WARN_UNREACHABLE_CODE = YES;
				CLANG_WARN__DUPLICATE_METHOD_MATCH = YES;
				COPY_PHASE_STRIP = NO;
				DEBUG_INFORMATION_FORMAT = "dwarf-with-dsym";
				ENABLE_NS_ASSERTIONS = NO;
				ENABLE_STRICT_OBJC_MSGSEND = YES;
				GCC_C_LANGUAGE_STANDARD = gnu11;
				GCC_NO_COMMON_BLOCKS = YES;
				GCC_WARN_64_TO_32_BIT_CONVERSION = YES;
				GCC_WARN_ABOUT_RETURN_TYPE = YES_ERROR;
				GCC_WARN_UNDECLARED_SELECTOR = YES;
				GCC_WARN_UNINITIALIZED_AUTOS = YES_AGGRESSIVE;
				GCC_WARN_UNUSED_FUNCTION = YES;
				GCC_WARN_UNUSED_VARIABLE = YES;
				IPHONEOS_DEPLOYMENT_TARGET = 16.2;
				MTL_ENABLE_DEBUG_INFO = NO;
				MTL_FAST_MATH = YES;
				SDKROOT = iphoneos;
				SWIFT_COMPILATION_MODE = wholemodule;
				SWIFT_OPTIMIZATION_LEVEL = "-O";
				VALIDATE_PRODUCT = YES;
			};
			name = Release;
		};
		A16CE98C29C84B4000C80D57 /* Debug */ = {
			isa = XCBuildConfiguration;
			buildSettings = {
				ASSETCATALOG_COMPILER_APPICON_NAME = AppIcon;
				ASSETCATALOG_COMPILER_GLOBAL_ACCENT_COLOR_NAME = AccentColor;
				CODE_SIGN_STYLE = Automatic;
				CURRENT_PROJECT_VERSION = 1;
				DEVELOPMENT_TEAM = YGRG6HC2V6;
				GENERATE_INFOPLIST_FILE = YES;
				INFOPLIST_FILE = "Store-TestApp_MVVM-RxSwift/Supporting Files/Info.plist";
				INFOPLIST_KEY_UIApplicationSupportsIndirectInputEvents = YES;
				INFOPLIST_KEY_UILaunchStoryboardName = LaunchScreen;
				INFOPLIST_KEY_UIMainStoryboardFile = Main;
				INFOPLIST_KEY_UISupportedInterfaceOrientations_iPad = "UIInterfaceOrientationPortrait UIInterfaceOrientationPortraitUpsideDown UIInterfaceOrientationLandscapeLeft UIInterfaceOrientationLandscapeRight";
				INFOPLIST_KEY_UISupportedInterfaceOrientations_iPhone = "UIInterfaceOrientationPortrait UIInterfaceOrientationLandscapeLeft UIInterfaceOrientationLandscapeRight";
				IPHONEOS_DEPLOYMENT_TARGET = 14.0;
				LD_RUNPATH_SEARCH_PATHS = (
					"$(inherited)",
					"@executable_path/Frameworks",
				);
				MARKETING_VERSION = 1.0;
				PRODUCT_BUNDLE_IDENTIFIER = "Yuratev-Sergey.Store-TestApp-MVVM-RxSwift";
				PRODUCT_NAME = "$(TARGET_NAME)";
				SUPPORTED_PLATFORMS = "iphoneos iphonesimulator";
				SUPPORTS_MACCATALYST = NO;
				SUPPORTS_MAC_DESIGNED_FOR_IPHONE_IPAD = NO;
				SWIFT_EMIT_LOC_STRINGS = YES;
				SWIFT_VERSION = 5.0;
				TARGETED_DEVICE_FAMILY = 1;
			};
			name = Debug;
		};
		A16CE98D29C84B4000C80D57 /* Release */ = {
			isa = XCBuildConfiguration;
			buildSettings = {
				ASSETCATALOG_COMPILER_APPICON_NAME = AppIcon;
				ASSETCATALOG_COMPILER_GLOBAL_ACCENT_COLOR_NAME = AccentColor;
				CODE_SIGN_STYLE = Automatic;
				CURRENT_PROJECT_VERSION = 1;
				DEVELOPMENT_TEAM = YGRG6HC2V6;
				GENERATE_INFOPLIST_FILE = YES;
				INFOPLIST_FILE = "Store-TestApp_MVVM-RxSwift/Supporting Files/Info.plist";
				INFOPLIST_KEY_UIApplicationSupportsIndirectInputEvents = YES;
				INFOPLIST_KEY_UILaunchStoryboardName = LaunchScreen;
				INFOPLIST_KEY_UIMainStoryboardFile = Main;
				INFOPLIST_KEY_UISupportedInterfaceOrientations_iPad = "UIInterfaceOrientationPortrait UIInterfaceOrientationPortraitUpsideDown UIInterfaceOrientationLandscapeLeft UIInterfaceOrientationLandscapeRight";
				INFOPLIST_KEY_UISupportedInterfaceOrientations_iPhone = "UIInterfaceOrientationPortrait UIInterfaceOrientationLandscapeLeft UIInterfaceOrientationLandscapeRight";
				IPHONEOS_DEPLOYMENT_TARGET = 14.0;
				LD_RUNPATH_SEARCH_PATHS = (
					"$(inherited)",
					"@executable_path/Frameworks",
				);
				MARKETING_VERSION = 1.0;
				PRODUCT_BUNDLE_IDENTIFIER = "Yuratev-Sergey.Store-TestApp-MVVM-RxSwift";
				PRODUCT_NAME = "$(TARGET_NAME)";
				SUPPORTED_PLATFORMS = "iphoneos iphonesimulator";
				SUPPORTS_MACCATALYST = NO;
				SUPPORTS_MAC_DESIGNED_FOR_IPHONE_IPAD = NO;
				SWIFT_EMIT_LOC_STRINGS = YES;
				SWIFT_VERSION = 5.0;
				TARGETED_DEVICE_FAMILY = 1;
			};
			name = Release;
		};
/* End XCBuildConfiguration section */

/* Begin XCConfigurationList section */
		A16CE96F29C84B3E00C80D57 /* Build configuration list for PBXProject "Store-TestApp_MVVM-RxSwift" */ = {
			isa = XCConfigurationList;
			buildConfigurations = (
				A16CE98929C84B4000C80D57 /* Debug */,
				A16CE98A29C84B4000C80D57 /* Release */,
			);
			defaultConfigurationIsVisible = 0;
			defaultConfigurationName = Release;
		};
		A16CE98B29C84B4000C80D57 /* Build configuration list for PBXNativeTarget "Store-TestApp_MVVM-RxSwift" */ = {
			isa = XCConfigurationList;
			buildConfigurations = (
				A16CE98C29C84B4000C80D57 /* Debug */,
				A16CE98D29C84B4000C80D57 /* Release */,
			);
			defaultConfigurationIsVisible = 0;
			defaultConfigurationName = Release;
		};
/* End XCConfigurationList section */

/* Begin XCRemoteSwiftPackageReference section */
		A148616629CD8C8800D723CE /* XCRemoteSwiftPackageReference "SnapKit" */ = {
			isa = XCRemoteSwiftPackageReference;
			repositoryURL = "https://github.com/SnapKit/SnapKit.git";
			requirement = {
				kind = upToNextMajorVersion;
				minimumVersion = 5.0.0;
			};
		};
		A148616929D41D6E00D723CE /* XCRemoteSwiftPackageReference "RxSwift" */ = {
			isa = XCRemoteSwiftPackageReference;
			repositoryURL = "https://github.com/ReactiveX/RxSwift.git";
			requirement = {
				kind = upToNextMajorVersion;
				minimumVersion = 6.0.0;
			};
		};
/* End XCRemoteSwiftPackageReference section */

/* Begin XCSwiftPackageProductDependency section */
		A148616729CD8C8800D723CE /* SnapKit */ = {
			isa = XCSwiftPackageProductDependency;
			package = A148616629CD8C8800D723CE /* XCRemoteSwiftPackageReference "SnapKit" */;
			productName = SnapKit;
		};
		A148616A29D41D6E00D723CE /* RxCocoa */ = {
			isa = XCSwiftPackageProductDependency;
			package = A148616929D41D6E00D723CE /* XCRemoteSwiftPackageReference "RxSwift" */;
			productName = RxCocoa;
		};
		A148616C29D41D6E00D723CE /* RxRelay */ = {
			isa = XCSwiftPackageProductDependency;
			package = A148616929D41D6E00D723CE /* XCRemoteSwiftPackageReference "RxSwift" */;
			productName = RxRelay;
		};
		A148616E29D41D6E00D723CE /* RxSwift */ = {
			isa = XCSwiftPackageProductDependency;
			package = A148616929D41D6E00D723CE /* XCRemoteSwiftPackageReference "RxSwift" */;
			productName = RxSwift;
		};
/* End XCSwiftPackageProductDependency section */

/* Begin XCVersionGroup section */
		A16CE98029C84B3E00C80D57 /* Store_TestApp_MVVM_RxSwift.xcdatamodeld */ = {
			isa = XCVersionGroup;
			children = (
				A16CE98129C84B3E00C80D57 /* Store_TestApp_MVVM_RxSwift.xcdatamodel */,
			);
			currentVersion = A16CE98129C84B3E00C80D57 /* Store_TestApp_MVVM_RxSwift.xcdatamodel */;
			path = Store_TestApp_MVVM_RxSwift.xcdatamodeld;
			sourceTree = "<group>";
			versionGroupType = wrapper.xcdatamodel;
		};
/* End XCVersionGroup section */
	};
	rootObject = A16CE96C29C84B3E00C80D57 /* Project object */;
}
